
Microsoft Visual Studio Solution File, Format Version 12.00
# Visual Studio 14
VisualStudioVersion = 14.0.24720.0
MinimumVisualStudioVersion = 10.0.40219.1
Project("{FAE04EC0-301F-11D3-BF4B-00C04F79EFBC}") = "eVMSCoreLibrary", "eVMSCoreLibrary\eVMSCoreLibrary.csproj", "{42F5093C-72A9-413B-BCD1-77C8E0B0D949}"
	ProjectSection(ProjectDependencies) = postProject
		{B2AA53BC-FB56-4C75-BC0E-306652F1B59C} = {B2AA53BC-FB56-4C75-BC0E-306652F1B59C}
		{A229FCDB-98C2-4AAD-8619-1CE732AF2E23} = {A229FCDB-98C2-4AAD-8619-1CE732AF2E23}
	EndProjectSection
EndProject
Project("{FAE04EC0-301F-11D3-BF4B-00C04F79EFBC}") = "eVMSDataModel", "eVMSDataModel\eVMSDataModel.csproj", "{B2AA53BC-FB56-4C75-BC0E-306652F1B59C}"
EndProject
Project("{FAE04EC0-301F-11D3-BF4B-00C04F79EFBC}") = "eVMSViewModel", "eVMSViewModel\eVMSViewModel.csproj", "{A229FCDB-98C2-4AAD-8619-1CE732AF2E23}"
	ProjectSection(ProjectDependencies) = postProject
		{B2AA53BC-FB56-4C75-BC0E-306652F1B59C} = {B2AA53BC-FB56-4C75-BC0E-306652F1B59C}
	EndProjectSection
EndProject
Project("{FAE04EC0-301F-11D3-BF4B-00C04F79EFBC}") = "eVMS", "eVMS\eVMS.csproj", "{3BF1D62D-66E9-4E29-9189-8DDB7048C44A}"
EndProject
Global
	GlobalSection(SolutionConfigurationPlatforms) = preSolution
		Debug|Any CPU = Debug|Any CPU
		Release|Any CPU = Release|Any CPU
	EndGlobalSection
	GlobalSection(ProjectConfigurationPlatforms) = postSolution
		{42F5093C-72A9-413B-BCD1-77C8E0B0D949}.Debug|Any CPU.ActiveCfg = Debug|Any CPU
		{42F5093C-72A9-413B-BCD1-77C8E0B0D949}.Debug|Any CPU.Build.0 = Debug|Any CPU
		{42F5093C-72A9-413B-BCD1-77C8E0B0D949}.Release|Any CPU.ActiveCfg = Release|Any CPU
		{42F5093C-72A9-413B-BCD1-77C8E0B0D949}.Release|Any CPU.Build.0 = Release|Any CPU
		{B2AA53BC-FB56-4C75-BC0E-306652F1B59C}.Debug|Any CPU.ActiveCfg = Debug|Any CPU
		{B2AA53BC-FB56-4C75-BC0E-306652F1B59C}.Debug|Any CPU.Build.0 = Debug|Any CPU
		{B2AA53BC-FB56-4C75-BC0E-306652F1B59C}.Release|Any CPU.ActiveCfg = Release|Any CPU
		{B2AA53BC-FB56-4C75-BC0E-306652F1B59C}.Release|Any CPU.Build.0 = Release|Any CPU
		{A229FCDB-98C2-4AAD-8619-1CE732AF2E23}.Debug|Any CPU.ActiveCfg = Debug|Any CPU
		{A229FCDB-98C2-4AAD-8619-1CE732AF2E23}.Debug|Any CPU.Build.0 = Debug|Any CPU
		{A229FCDB-98C2-4AAD-8619-1CE732AF2E23}.Release|Any CPU.ActiveCfg = Release|Any CPU
		{A229FCDB-98C2-4AAD-8619-1CE732AF2E23}.Release|Any CPU.Build.0 = Release|Any CPU
		{3BF1D62D-66E9-4E29-9189-8DDB7048C44A}.Debug|Any CPU.ActiveCfg = Debug|Any CPU
		{3BF1D62D-66E9-4E29-9189-8DDB7048C44A}.Debug|Any CPU.Build.0 = Debug|Any CPU
		{3BF1D62D-66E9-4E29-9189-8DDB7048C44A}.Release|Any CPU.ActiveCfg = Release|Any CPU
		{3BF1D62D-66E9-4E29-9189-8DDB7048C44A}.Release|Any CPU.Build.0 = Release|Any CPU
	EndGlobalSection
	GlobalSection(SolutionProperties) = preSolution
		HideSolutionNode = FALSE
	EndGlobalSection
EndGlobal
